
Microsoft Visual Studio Solution File, Format Version 12.00
# Visual Studio Version 17
VisualStudioVersion = 17.14.36414.22 d17.14
MinimumVisualStudioVersion = 10.0.40219.1
Project("{FAE04EC0-301F-11D3-BF4B-00C04F79EFBC}") = "TPC-Equipo20B", "TPC-Equipo20B\TPC-Equipo20B.csproj", "{CDD8D951-F0B0-4B6B-BDDB-913909B5B8D5}"
EndProject
Project("{FAE04EC0-301F-11D3-BF4B-00C04F79EFBC}") = "Dominio", "Dominio\Dominio.csproj", "{9CF9DD91-16A0-4252-A3DD-40EA5ACCC296}"
EndProject
Project("{FAE04EC0-301F-11D3-BF4B-00C04F79EFBC}") = "Negocio", "Negocio\Negocio.csproj", "{FA5A0701-564D-4234-96DB-6256A48603B3}"
EndProject
Global
	GlobalSection(SolutionConfigurationPlatforms) = preSolution
		Debug|Any CPU = Debug|Any CPU
		Release|Any CPU = Release|Any CPU
	EndGlobalSection
	GlobalSection(ProjectConfigurationPlatforms) = postSolution
		{CDD8D951-F0B0-4B6B-BDDB-913909B5B8D5}.Debug|Any CPU.ActiveCfg = Debug|Any CPU
		{CDD8D951-F0B0-4B6B-BDDB-913909B5B8D5}.Debug|Any CPU.Build.0 = Debug|Any CPU
		{CDD8D951-F0B0-4B6B-BDDB-913909B5B8D5}.Release|Any CPU.ActiveCfg = Release|Any CPU
		{CDD8D951-F0B0-4B6B-BDDB-913909B5B8D5}.Release|Any CPU.Build.0 = Release|Any CPU
		{9CF9DD91-16A0-4252-A3DD-40EA5ACCC296}.Debug|Any CPU.ActiveCfg = Debug|Any CPU
		{9CF9DD91-16A0-4252-A3DD-40EA5ACCC296}.Debug|Any CPU.Build.0 = Debug|Any CPU
		{9CF9DD91-16A0-4252-A3DD-40EA5ACCC296}.Release|Any CPU.ActiveCfg = Release|Any CPU
		{9CF9DD91-16A0-4252-A3DD-40EA5ACCC296}.Release|Any CPU.Build.0 = Release|Any CPU
		{FA5A0701-564D-4234-96DB-6256A48603B3}.Debug|Any CPU.ActiveCfg = Debug|Any CPU
		{FA5A0701-564D-4234-96DB-6256A48603B3}.Debug|Any CPU.Build.0 = Debug|Any CPU
		{FA5A0701-564D-4234-96DB-6256A48603B3}.Release|Any CPU.ActiveCfg = Release|Any CPU
		{FA5A0701-564D-4234-96DB-6256A48603B3}.Release|Any CPU.Build.0 = Release|Any CPU
	EndGlobalSection
	GlobalSection(SolutionProperties) = preSolution
		HideSolutionNode = FALSE
	EndGlobalSection
	GlobalSection(ExtensibilityGlobals) = postSolution
		SolutionGuid = {D66BBAE1-66F5-4039-A90C-79BA58D013B8}
	EndGlobalSection
EndGlobal
